
Microsoft Visual Studio Solution File, Format Version 12.00
# Visual Studio Version 17
VisualStudioVersion = 17.6.33829.357
MinimumVisualStudioVersion = 10.0.40219.1
Project("{FAE04EC0-301F-11D3-BF4B-00C04F79EFBC}") = "BulkyBookWeb", "BulkyBookWeb\BulkyBookWeb.csproj", "{38227670-479F-4BF3-AC82-84794C2E1E3B}"
EndProject
Global
	GlobalSection(SolutionConfigurationPlatforms) = preSolution
		Debug|Any CPU = Debug|Any CPU
		Release|Any CPU = Release|Any CPU
	EndGlobalSection
	GlobalSection(ProjectConfigurationPlatforms) = postSolution
		{38227670-479F-4BF3-AC82-84794C2E1E3B}.Debug|Any CPU.ActiveCfg = Debug|Any CPU
		{38227670-479F-4BF3-AC82-84794C2E1E3B}.Debug|Any CPU.Build.0 = Debug|Any CPU
		{38227670-479F-4BF3-AC82-84794C2E1E3B}.Release|Any CPU.ActiveCfg = Release|Any CPU
		{38227670-479F-4BF3-AC82-84794C2E1E3B}.Release|Any CPU.Build.0 = Release|Any CPU
	EndGlobalSection
	GlobalSection(SolutionProperties) = preSolution
		HideSolutionNode = FALSE
	EndGlobalSection
	GlobalSection(ExtensibilityGlobals) = postSolution
		SolutionGuid = {5644867E-1D63-458C-A5AC-80C4D8F05621}
	EndGlobalSection
EndGlobal
